<?xml version="1.0" encoding="utf-8"?>
<Project ToolsVersion="4.0" xmlns="http://schemas.microsoft.com/developer/msbuild/2003">
  <ItemGroup>
    <Filter Include="Headers">
      <UniqueIdentifier>{93995380-89BD-4b04-88EB-625FBE52EBFB}</UniqueIdentifier>
      <Extensions>h;hh;hpp;hxx;h++;hm;inl;inc;ipp;xsd</Extensions>
    </Filter>
    <Filter Include="Sources">
      <UniqueIdentifier>{4FC737F1-C7A5-4376-A066-2A32D752A2FF}</UniqueIdentifier>
      <Extensions>cpp;c;cc;cxx;c++;cppm;ixx;def;odl;idl;hpj;bat;asm;asmx</Extensions>
    </Filter>
    <Filter Include="Hooking">
      <UniqueIdentifier>{28b2505b-abfb-4090-9c1e-03d8615aa807}</UniqueIdentifier>
    </Filter>
    <Filter Include="Hooking\SPTLib">
      <UniqueIdentifier>{c7c6d421-db88-4849-b707-e4a735364251}</UniqueIdentifier>
    </Filter>
    <Filter Include="Resources">
      <UniqueIdentifier>{ab552f5f-4540-4c84-9c82-3afd252bb86d}</UniqueIdentifier>
    </Filter>
  </ItemGroup>
  <ItemGroup>
    <ClCompile Include="main.cpp">
      <Filter>Sources</Filter>
    </ClCompile>
    <ClCompile Include="..\engine\console.cpp">
      <Filter>Sources</Filter>
    </ClCompile>
    <ClCompile Include="..\engine\buildnum.cpp">
      <Filter>Sources</Filter>
    </ClCompile>
    <ClCompile Include="..\engine\common.cpp">
      <Filter>Sources</Filter>
    </ClCompile>
    <ClCompile Include="conutils.cpp">
      <Filter>Sources</Filter>
    </ClCompile>
    <ClCompile Include="gl_draw.cpp">
      <Filter>Sources</Filter>
    </ClCompile>
  </ItemGroup>
  <ItemGroup>
    <ClInclude Include="..\external\sptlib\MemUtils.h">
      <Filter>Hooking\SPTLib</Filter>
    </ClInclude>
    <ClInclude Include="..\external\sptlib\patterns.hpp">
      <Filter>Hooking\SPTLib</Filter>
    </ClInclude>
    <ClInclude Include="..\external\sptlib\patterns_macros.hpp">
      <Filter>Hooking\SPTLib</Filter>
    </ClInclude>
    <ClInclude Include="..\external\sptlib\sptlib-stdafx.hpp">
      <Filter>Hooking\SPTLib</Filter>
    </ClInclude>
    <ClInclude Include="..\external\sptlib\Utils.hpp">
      <Filter>Hooking\SPTLib</Filter>
    </ClInclude>
    <ClInclude Include="includes.hpp">
      <Filter>Headers</Filter>
    </ClInclude>
    <ClInclude Include="gs738_patterns.hpp">
      <Filter>Headers</Filter>
    </ClInclude>
    <ClInclude Include="resource.h">
      <Filter>Resources</Filter>
    </ClInclude>
    <ClInclude Include="conutils.hpp">
      <Filter>Headers</Filter>
    </ClInclude>
    <ClInclude Include="gl_draw.h">
      <Filter>Headers</Filter>
    </ClInclude>
  </ItemGroup>
  <ItemGroup>
    <ResourceCompile Include="hw_hooked.rc">
      <Filter>Resources</Filter>
    </ResourceCompile>
  </ItemGroup>
</Project>