<?xml version="1.0" encoding="utf-8"?>
<Project ToolsVersion="4.0" xmlns="http://schemas.microsoft.com/developer/msbuild/2003">
  <ItemGroup>
    <Filter Include="Source Files">
      <UniqueIdentifier>{4FC737F1-C7A5-4376-A066-2A32D752A2FF}</UniqueIdentifier>
      <Extensions>cpp;c;cc;cxx;c++;cppm;ixx;def;odl;idl;hpj;bat;asm;asmx</Extensions>
    </Filter>
    <Filter Include="Header Files">
      <UniqueIdentifier>{93995380-89BD-4b04-88EB-625FBE52EBFB}</UniqueIdentifier>
      <Extensions>h;hh;hpp;hxx;h++;hm;inl;inc;ipp;xsd</Extensions>
    </Filter>
    <Filter Include="Resource Files">
      <UniqueIdentifier>{67DA6AB6-F800-4c08-8B7A-83BB121AAD01}</UniqueIdentifier>
      <Extensions>rc;ico;cur;bmp;dlg;rc2;rct;bin;rgs;gif;jpg;jpeg;jpe;resx;tiff;tif;png;wav;mfcribbon-ms</Extensions>
    </Filter>
  </ItemGroup>
  <ItemGroup>
    <ClInclude Include="anorms.h">
      <Filter>Header Files</Filter>
    </ClInclude>
    <ClInclude Include="cdll_int.h">
      <Filter>Header Files</Filter>
    </ClInclude>
    <ClInclude Include="const.h">
      <Filter>Header Files</Filter>
    </ClInclude>
    <ClInclude Include="custom.h">
      <Filter>Header Files</Filter>
    </ClInclude>
    <ClInclude Include="customentity.h">
      <Filter>Header Files</Filter>
    </ClInclude>
    <ClInclude Include="cvardef.h">
      <Filter>Header Files</Filter>
    </ClInclude>
    <ClInclude Include="edict.h">
      <Filter>Header Files</Filter>
    </ClInclude>
    <ClInclude Include="eiface.h">
      <Filter>Header Files</Filter>
    </ClInclude>
    <ClInclude Include="keydefs.h">
      <Filter>Header Files</Filter>
    </ClInclude>
    <ClInclude Include="progdefs.h">
      <Filter>Header Files</Filter>
    </ClInclude>
    <ClInclude Include="progs.h">
      <Filter>Header Files</Filter>
    </ClInclude>
    <ClInclude Include="shake.h">
      <Filter>Header Files</Filter>
    </ClInclude>
    <ClInclude Include="studio.h">
      <Filter>Header Files</Filter>
    </ClInclude>
    <ClInclude Include="quakedef.h">
      <Filter>Header Files</Filter>
    </ClInclude>
    <ClInclude Include="winquake.h">
      <Filter>Header Files</Filter>
    </ClInclude>
    <ClInclude Include="common.h">
      <Filter>Header Files</Filter>
    </ClInclude>
    <ClInclude Include="win_sys.h">
      <Filter>Header Files</Filter>
    </ClInclude>
  </ItemGroup>
  <ItemGroup>
    <ClCompile Include="..\utils\common\mathlib.c">
      <Filter>Source Files</Filter>
    </ClCompile>
    <ClCompile Include="win_sys.c">
      <Filter>Source Files</Filter>
    </ClCompile>
    <ClCompile Include="console.c">
      <Filter>Source Files</Filter>
    </ClCompile>
    <ClCompile Include="common.c">
      <Filter>Source Files</Filter>
    </ClCompile>
  </ItemGroup>
</Project>